
Microsoft Visual Studio Solution File, Format Version 12.00
# Visual Studio Version 17
VisualStudioVersion = 17.3.32929.385
MinimumVisualStudioVersion = 10.0.40219.1
Project("{FAE04EC0-301F-11D3-BF4B-00C04F79EFBC}") = "Polymorphism", "Polymorphism\Polymorphism.csproj", "{00D15045-FA03-402B-B6A9-0B5F9A07D93D}"
EndProject
Project("{FAE04EC0-301F-11D3-BF4B-00C04F79EFBC}") = "AsKeyWord", "AsKeyWord\AsKeyWord.csproj", "{4B3AA2B4-A382-4AB6-B9AB-CA330E04C037}"
EndProject
Project("{FAE04EC0-301F-11D3-BF4B-00C04F79EFBC}") = "01.MathOperations", "Operations\01.MathOperations.csproj", "{C0B6394C-34D7-4E19-8F41-B52B52CB15C2}"
EndProject
Project("{FAE04EC0-301F-11D3-BF4B-00C04F79EFBC}") = "02.Animals", "Animals\02.Animals.csproj", "{65E3BC52-B9E6-4147-8B04-3B2D0D5DF05E}"
EndProject
Project("{FAE04EC0-301F-11D3-BF4B-00C04F79EFBC}") = "03.Shapes", "Shapes\03.Shapes.csproj", "{F26437C1-E370-48A0-B081-4B5C90232324}"
EndProject
Global
	GlobalSection(SolutionConfigurationPlatforms) = preSolution
		Debug|Any CPU = Debug|Any CPU
		Release|Any CPU = Release|Any CPU
	EndGlobalSection
	GlobalSection(ProjectConfigurationPlatforms) = postSolution
		{00D15045-FA03-402B-B6A9-0B5F9A07D93D}.Debug|Any CPU.ActiveCfg = Debug|Any CPU
		{00D15045-FA03-402B-B6A9-0B5F9A07D93D}.Debug|Any CPU.Build.0 = Debug|Any CPU
		{00D15045-FA03-402B-B6A9-0B5F9A07D93D}.Release|Any CPU.ActiveCfg = Release|Any CPU
		{00D15045-FA03-402B-B6A9-0B5F9A07D93D}.Release|Any CPU.Build.0 = Release|Any CPU
		{4B3AA2B4-A382-4AB6-B9AB-CA330E04C037}.Debug|Any CPU.ActiveCfg = Debug|Any CPU
		{4B3AA2B4-A382-4AB6-B9AB-CA330E04C037}.Debug|Any CPU.Build.0 = Debug|Any CPU
		{4B3AA2B4-A382-4AB6-B9AB-CA330E04C037}.Release|Any CPU.ActiveCfg = Release|Any CPU
		{4B3AA2B4-A382-4AB6-B9AB-CA330E04C037}.Release|Any CPU.Build.0 = Release|Any CPU
		{C0B6394C-34D7-4E19-8F41-B52B52CB15C2}.Debug|Any CPU.ActiveCfg = Debug|Any CPU
		{C0B6394C-34D7-4E19-8F41-B52B52CB15C2}.Debug|Any CPU.Build.0 = Debug|Any CPU
		{C0B6394C-34D7-4E19-8F41-B52B52CB15C2}.Release|Any CPU.ActiveCfg = Release|Any CPU
		{C0B6394C-34D7-4E19-8F41-B52B52CB15C2}.Release|Any CPU.Build.0 = Release|Any CPU
		{65E3BC52-B9E6-4147-8B04-3B2D0D5DF05E}.Debug|Any CPU.ActiveCfg = Debug|Any CPU
		{65E3BC52-B9E6-4147-8B04-3B2D0D5DF05E}.Debug|Any CPU.Build.0 = Debug|Any CPU
		{65E3BC52-B9E6-4147-8B04-3B2D0D5DF05E}.Release|Any CPU.ActiveCfg = Release|Any CPU
		{65E3BC52-B9E6-4147-8B04-3B2D0D5DF05E}.Release|Any CPU.Build.0 = Release|Any CPU
		{F26437C1-E370-48A0-B081-4B5C90232324}.Debug|Any CPU.ActiveCfg = Debug|Any CPU
		{F26437C1-E370-48A0-B081-4B5C90232324}.Debug|Any CPU.Build.0 = Debug|Any CPU
		{F26437C1-E370-48A0-B081-4B5C90232324}.Release|Any CPU.ActiveCfg = Release|Any CPU
		{F26437C1-E370-48A0-B081-4B5C90232324}.Release|Any CPU.Build.0 = Release|Any CPU
	EndGlobalSection
	GlobalSection(SolutionProperties) = preSolution
		HideSolutionNode = FALSE
	EndGlobalSection
	GlobalSection(ExtensibilityGlobals) = postSolution
		SolutionGuid = {6A59624E-14A8-40AA-BB6B-9FA53C646369}
	EndGlobalSection
EndGlobal
