
Microsoft Visual Studio Solution File, Format Version 12.00
# Visual Studio Version 17
VisualStudioVersion = 17.3.32929.385
MinimumVisualStudioVersion = 10.0.40219.1
Project("{FAE04EC0-301F-11D3-BF4B-00C04F79EFBC}") = "Interfaces and Abstraction", "Interfaces and Abstraction\Interfaces and Abstraction.csproj", "{4721884F-BBEE-4959-A0AD-08F4B9226311}"
EndProject
Project("{FAE04EC0-301F-11D3-BF4B-00C04F79EFBC}") = "Interfaces", "Interfaces\Interfaces.csproj", "{07A6441A-73A0-4515-AB9A-54AB24ABE1C8}"
EndProject
Project("{FAE04EC0-301F-11D3-BF4B-00C04F79EFBC}") = "01.Shapes", "01.Shapes\01.Shapes.csproj", "{198F4808-42E5-42B3-9D4C-0AA7C06DD23A}"
EndProject
Project("{FAE04EC0-301F-11D3-BF4B-00C04F79EFBC}") = "AbstractClass", "AbstractClass\AbstractClass.csproj", "{55D3F6CA-AAB9-4A1B-8C30-34182AA14006}"
EndProject
Project("{FAE04EC0-301F-11D3-BF4B-00C04F79EFBC}") = "02.Cars", "Cars\02.Cars.csproj", "{2ED3E91A-F8CA-41EC-BE36-F3EB72807F95}"
EndProject
Global
	GlobalSection(SolutionConfigurationPlatforms) = preSolution
		Debug|Any CPU = Debug|Any CPU
		Release|Any CPU = Release|Any CPU
	EndGlobalSection
	GlobalSection(ProjectConfigurationPlatforms) = postSolution
		{4721884F-BBEE-4959-A0AD-08F4B9226311}.Debug|Any CPU.ActiveCfg = Debug|Any CPU
		{4721884F-BBEE-4959-A0AD-08F4B9226311}.Debug|Any CPU.Build.0 = Debug|Any CPU
		{4721884F-BBEE-4959-A0AD-08F4B9226311}.Release|Any CPU.ActiveCfg = Release|Any CPU
		{4721884F-BBEE-4959-A0AD-08F4B9226311}.Release|Any CPU.Build.0 = Release|Any CPU
		{07A6441A-73A0-4515-AB9A-54AB24ABE1C8}.Debug|Any CPU.ActiveCfg = Debug|Any CPU
		{07A6441A-73A0-4515-AB9A-54AB24ABE1C8}.Debug|Any CPU.Build.0 = Debug|Any CPU
		{07A6441A-73A0-4515-AB9A-54AB24ABE1C8}.Release|Any CPU.ActiveCfg = Release|Any CPU
		{07A6441A-73A0-4515-AB9A-54AB24ABE1C8}.Release|Any CPU.Build.0 = Release|Any CPU
		{198F4808-42E5-42B3-9D4C-0AA7C06DD23A}.Debug|Any CPU.ActiveCfg = Debug|Any CPU
		{198F4808-42E5-42B3-9D4C-0AA7C06DD23A}.Debug|Any CPU.Build.0 = Debug|Any CPU
		{198F4808-42E5-42B3-9D4C-0AA7C06DD23A}.Release|Any CPU.ActiveCfg = Release|Any CPU
		{198F4808-42E5-42B3-9D4C-0AA7C06DD23A}.Release|Any CPU.Build.0 = Release|Any CPU
		{55D3F6CA-AAB9-4A1B-8C30-34182AA14006}.Debug|Any CPU.ActiveCfg = Debug|Any CPU
		{55D3F6CA-AAB9-4A1B-8C30-34182AA14006}.Debug|Any CPU.Build.0 = Debug|Any CPU
		{55D3F6CA-AAB9-4A1B-8C30-34182AA14006}.Release|Any CPU.ActiveCfg = Release|Any CPU
		{55D3F6CA-AAB9-4A1B-8C30-34182AA14006}.Release|Any CPU.Build.0 = Release|Any CPU
		{2ED3E91A-F8CA-41EC-BE36-F3EB72807F95}.Debug|Any CPU.ActiveCfg = Debug|Any CPU
		{2ED3E91A-F8CA-41EC-BE36-F3EB72807F95}.Debug|Any CPU.Build.0 = Debug|Any CPU
		{2ED3E91A-F8CA-41EC-BE36-F3EB72807F95}.Release|Any CPU.ActiveCfg = Release|Any CPU
		{2ED3E91A-F8CA-41EC-BE36-F3EB72807F95}.Release|Any CPU.Build.0 = Release|Any CPU
	EndGlobalSection
	GlobalSection(SolutionProperties) = preSolution
		HideSolutionNode = FALSE
	EndGlobalSection
	GlobalSection(ExtensibilityGlobals) = postSolution
		SolutionGuid = {3621DDF8-4750-41DB-8580-238B1B5A4058}
	EndGlobalSection
EndGlobal
