
Microsoft Visual Studio Solution File, Format Version 12.00
# Visual Studio Version 17
VisualStudioVersion = 17.4.33213.308
MinimumVisualStudioVersion = 10.0.40219.1
Project("{FAE04EC0-301F-11D3-BF4B-00C04F79EFBC}") = "ORM Fundamentals", "ORM Fundamentals\ORM Fundamentals.csproj", "{1DDDCDEA-E115-4AAF-BF9F-888B0E34B69C}"
EndProject
Global
	GlobalSection(SolutionConfigurationPlatforms) = preSolution
		Debug|Any CPU = Debug|Any CPU
		Release|Any CPU = Release|Any CPU
	EndGlobalSection
	GlobalSection(ProjectConfigurationPlatforms) = postSolution
		{1DDDCDEA-E115-4AAF-BF9F-888B0E34B69C}.Debug|Any CPU.ActiveCfg = Debug|Any CPU
		{1DDDCDEA-E115-4AAF-BF9F-888B0E34B69C}.Debug|Any CPU.Build.0 = Debug|Any CPU
		{1DDDCDEA-E115-4AAF-BF9F-888B0E34B69C}.Release|Any CPU.ActiveCfg = Release|Any CPU
		{1DDDCDEA-E115-4AAF-BF9F-888B0E34B69C}.Release|Any CPU.Build.0 = Release|Any CPU
	EndGlobalSection
	GlobalSection(SolutionProperties) = preSolution
		HideSolutionNode = FALSE
	EndGlobalSection
	GlobalSection(ExtensibilityGlobals) = postSolution
		SolutionGuid = {64DAD88B-438E-4E52-A4F6-835A9DD83B02}
	EndGlobalSection
EndGlobal
