
Microsoft Visual Studio Solution File, Format Version 12.00
# Visual Studio Version 17
VisualStudioVersion = 17.8.34511.84
MinimumVisualStudioVersion = 10.0.40219.1
Project("{FAE04EC0-301F-11D3-BF4B-00C04F79EFBC}") = "ReactApp1.Server", "ReactApp1.Server\ReactApp1.Server.csproj", "{6A5F1F78-C34A-4AB8-A250-3A6911109653}"
EndProject
Project("{54A90642-561A-4BB1-A94E-469ADEE60C69}") = "reactapp1.client", "reactapp1.client\reactapp1.client.esproj", "{279E1BB8-3F38-4259-BF55-8094543458CA}"
EndProject
Global
	GlobalSection(SolutionConfigurationPlatforms) = preSolution
		Debug|Any CPU = Debug|Any CPU
		Release|Any CPU = Release|Any CPU
	EndGlobalSection
	GlobalSection(ProjectConfigurationPlatforms) = postSolution
		{6A5F1F78-C34A-4AB8-A250-3A6911109653}.Debug|Any CPU.ActiveCfg = Debug|Any CPU
		{6A5F1F78-C34A-4AB8-A250-3A6911109653}.Debug|Any CPU.Build.0 = Debug|Any CPU
		{6A5F1F78-C34A-4AB8-A250-3A6911109653}.Release|Any CPU.ActiveCfg = Release|Any CPU
		{6A5F1F78-C34A-4AB8-A250-3A6911109653}.Release|Any CPU.Build.0 = Release|Any CPU
		{279E1BB8-3F38-4259-BF55-8094543458CA}.Debug|Any CPU.ActiveCfg = Debug|Any CPU
		{279E1BB8-3F38-4259-BF55-8094543458CA}.Debug|Any CPU.Build.0 = Debug|Any CPU
		{279E1BB8-3F38-4259-BF55-8094543458CA}.Debug|Any CPU.Deploy.0 = Debug|Any CPU
		{279E1BB8-3F38-4259-BF55-8094543458CA}.Release|Any CPU.ActiveCfg = Release|Any CPU
		{279E1BB8-3F38-4259-BF55-8094543458CA}.Release|Any CPU.Build.0 = Release|Any CPU
		{279E1BB8-3F38-4259-BF55-8094543458CA}.Release|Any CPU.Deploy.0 = Release|Any CPU
	EndGlobalSection
	GlobalSection(SolutionProperties) = preSolution
		HideSolutionNode = FALSE
	EndGlobalSection
	GlobalSection(ExtensibilityGlobals) = postSolution
		SolutionGuid = {05F0A01A-61BF-4F1C-89DF-760961F7BFF6}
	EndGlobalSection
EndGlobal
