
Microsoft Visual Studio Solution File, Format Version 12.00
# Visual Studio Version 16
VisualStudioVersion = 16.0.32510.428
MinimumVisualStudioVersion = 10.0.40219.1
Project("{FAE04EC0-301F-11D3-BF4B-00C04F79EFBC}") = "Problem 1 – Guinea Pig", "ExamPrep\Problem 1 – Guinea Pig.csproj", "{B975ABF6-0B9C-4F2D-B22B-C1AF84D991B5}"
EndProject
Project("{FAE04EC0-301F-11D3-BF4B-00C04F79EFBC}") = "Problem 2 – The Lift", "Problem 2 – The Lift\Problem 2 – The Lift.csproj", "{D59B294F-6F2B-431F-9009-927781E2560C}"
EndProject
Project("{FAE04EC0-301F-11D3-BF4B-00C04F79EFBC}") = "Problem 3 – Moving Target", "Problem 3 – Moving Target\Problem 3 – Moving Target.csproj", "{3BAF2F20-5E73-4450-AFBB-C61C3F91A4F9}"
EndProject
Global
	GlobalSection(SolutionConfigurationPlatforms) = preSolution
		Debug|Any CPU = Debug|Any CPU
		Release|Any CPU = Release|Any CPU
	EndGlobalSection
	GlobalSection(ProjectConfigurationPlatforms) = postSolution
		{B975ABF6-0B9C-4F2D-B22B-C1AF84D991B5}.Debug|Any CPU.ActiveCfg = Debug|Any CPU
		{B975ABF6-0B9C-4F2D-B22B-C1AF84D991B5}.Debug|Any CPU.Build.0 = Debug|Any CPU
		{B975ABF6-0B9C-4F2D-B22B-C1AF84D991B5}.Release|Any CPU.ActiveCfg = Release|Any CPU
		{B975ABF6-0B9C-4F2D-B22B-C1AF84D991B5}.Release|Any CPU.Build.0 = Release|Any CPU
		{D59B294F-6F2B-431F-9009-927781E2560C}.Debug|Any CPU.ActiveCfg = Debug|Any CPU
		{D59B294F-6F2B-431F-9009-927781E2560C}.Debug|Any CPU.Build.0 = Debug|Any CPU
		{D59B294F-6F2B-431F-9009-927781E2560C}.Release|Any CPU.ActiveCfg = Release|Any CPU
		{D59B294F-6F2B-431F-9009-927781E2560C}.Release|Any CPU.Build.0 = Release|Any CPU
		{3BAF2F20-5E73-4450-AFBB-C61C3F91A4F9}.Debug|Any CPU.ActiveCfg = Debug|Any CPU
		{3BAF2F20-5E73-4450-AFBB-C61C3F91A4F9}.Debug|Any CPU.Build.0 = Debug|Any CPU
		{3BAF2F20-5E73-4450-AFBB-C61C3F91A4F9}.Release|Any CPU.ActiveCfg = Release|Any CPU
		{3BAF2F20-5E73-4450-AFBB-C61C3F91A4F9}.Release|Any CPU.Build.0 = Release|Any CPU
	EndGlobalSection
	GlobalSection(SolutionProperties) = preSolution
		HideSolutionNode = FALSE
	EndGlobalSection
	GlobalSection(ExtensibilityGlobals) = postSolution
		SolutionGuid = {545554B6-F255-476E-8030-81DE6B2EED5E}
	EndGlobalSection
EndGlobal
