
Microsoft Visual Studio Solution File, Format Version 12.00
# Visual Studio Version 17
VisualStudioVersion = 17.5.33424.131
MinimumVisualStudioVersion = 10.0.40219.1
Project("{FAE04EC0-301F-11D3-BF4B-00C04F79EFBC}") = "LINQ", "LINQ\LINQ.csproj", "{B8AD305B-E73A-49E5-9972-21B0A0EC1046}"
EndProject
Project("{9A19103F-16F7-4668-BE54-9A1E7A4F7556}") = "MusicHub", "MusicHub\MusicHub.csproj", "{C4AEDCA4-6263-4E52-8722-ADA015F087EE}"
EndProject
Global
	GlobalSection(SolutionConfigurationPlatforms) = preSolution
		Debug|Any CPU = Debug|Any CPU
		Release|Any CPU = Release|Any CPU
	EndGlobalSection
	GlobalSection(ProjectConfigurationPlatforms) = postSolution
		{B8AD305B-E73A-49E5-9972-21B0A0EC1046}.Debug|Any CPU.ActiveCfg = Debug|Any CPU
		{B8AD305B-E73A-49E5-9972-21B0A0EC1046}.Debug|Any CPU.Build.0 = Debug|Any CPU
		{B8AD305B-E73A-49E5-9972-21B0A0EC1046}.Release|Any CPU.ActiveCfg = Release|Any CPU
		{B8AD305B-E73A-49E5-9972-21B0A0EC1046}.Release|Any CPU.Build.0 = Release|Any CPU
		{C4AEDCA4-6263-4E52-8722-ADA015F087EE}.Debug|Any CPU.ActiveCfg = Debug|Any CPU
		{C4AEDCA4-6263-4E52-8722-ADA015F087EE}.Debug|Any CPU.Build.0 = Debug|Any CPU
		{C4AEDCA4-6263-4E52-8722-ADA015F087EE}.Release|Any CPU.ActiveCfg = Release|Any CPU
		{C4AEDCA4-6263-4E52-8722-ADA015F087EE}.Release|Any CPU.Build.0 = Release|Any CPU
	EndGlobalSection
	GlobalSection(SolutionProperties) = preSolution
		HideSolutionNode = FALSE
	EndGlobalSection
	GlobalSection(ExtensibilityGlobals) = postSolution
		SolutionGuid = {254786C7-0D59-457D-88AE-AEEC287BA200}
	EndGlobalSection
EndGlobal
