
Microsoft Visual Studio Solution File, Format Version 12.00
# Visual Studio Version 17
VisualStudioVersion = 17.4.33110.190
MinimumVisualStudioVersion = 10.0.40219.1
Project("{FAE04EC0-301F-11D3-BF4B-00C04F79EFBC}") = "TheMoon", "MartoExam\TheMoon.csproj", "{5537D92C-E268-4D4E-B4CB-228D06025B6A}"
EndProject
Project("{FAE04EC0-301F-11D3-BF4B-00C04F79EFBC}") = "BeerAndChips", "BeerAndChips\BeerAndChips.csproj", "{67CD6550-AB0A-49D0-A993-4BC18B1513A1}"
EndProject
Project("{FAE04EC0-301F-11D3-BF4B-00C04F79EFBC}") = "PastryShop", "PastryShop\PastryShop.csproj", "{AE1439E6-E193-4F50-ADCD-BCF7A86A2F6E}"
EndProject
Project("{FAE04EC0-301F-11D3-BF4B-00C04F79EFBC}") = "PuppyCare", "SantaGifts\PuppyCare.csproj", "{89C91F49-1253-4B36-87CE-8C1D2617AC0D}"
EndProject
Project("{FAE04EC0-301F-11D3-BF4B-00C04F79EFBC}") = "GoldMine", "GoldMine\GoldMine.csproj", "{D7BEE300-44E8-4AEF-94B6-CD4B2D7211A5}"
EndProject
Global
	GlobalSection(SolutionConfigurationPlatforms) = preSolution
		Debug|Any CPU = Debug|Any CPU
		Release|Any CPU = Release|Any CPU
	EndGlobalSection
	GlobalSection(ProjectConfigurationPlatforms) = postSolution
		{5537D92C-E268-4D4E-B4CB-228D06025B6A}.Debug|Any CPU.ActiveCfg = Debug|Any CPU
		{5537D92C-E268-4D4E-B4CB-228D06025B6A}.Debug|Any CPU.Build.0 = Debug|Any CPU
		{5537D92C-E268-4D4E-B4CB-228D06025B6A}.Release|Any CPU.ActiveCfg = Release|Any CPU
		{5537D92C-E268-4D4E-B4CB-228D06025B6A}.Release|Any CPU.Build.0 = Release|Any CPU
		{67CD6550-AB0A-49D0-A993-4BC18B1513A1}.Debug|Any CPU.ActiveCfg = Debug|Any CPU
		{67CD6550-AB0A-49D0-A993-4BC18B1513A1}.Debug|Any CPU.Build.0 = Debug|Any CPU
		{67CD6550-AB0A-49D0-A993-4BC18B1513A1}.Release|Any CPU.ActiveCfg = Release|Any CPU
		{67CD6550-AB0A-49D0-A993-4BC18B1513A1}.Release|Any CPU.Build.0 = Release|Any CPU
		{AE1439E6-E193-4F50-ADCD-BCF7A86A2F6E}.Debug|Any CPU.ActiveCfg = Debug|Any CPU
		{AE1439E6-E193-4F50-ADCD-BCF7A86A2F6E}.Debug|Any CPU.Build.0 = Debug|Any CPU
		{AE1439E6-E193-4F50-ADCD-BCF7A86A2F6E}.Release|Any CPU.ActiveCfg = Release|Any CPU
		{AE1439E6-E193-4F50-ADCD-BCF7A86A2F6E}.Release|Any CPU.Build.0 = Release|Any CPU
		{89C91F49-1253-4B36-87CE-8C1D2617AC0D}.Debug|Any CPU.ActiveCfg = Debug|Any CPU
		{89C91F49-1253-4B36-87CE-8C1D2617AC0D}.Debug|Any CPU.Build.0 = Debug|Any CPU
		{89C91F49-1253-4B36-87CE-8C1D2617AC0D}.Release|Any CPU.ActiveCfg = Release|Any CPU
		{89C91F49-1253-4B36-87CE-8C1D2617AC0D}.Release|Any CPU.Build.0 = Release|Any CPU
		{D7BEE300-44E8-4AEF-94B6-CD4B2D7211A5}.Debug|Any CPU.ActiveCfg = Debug|Any CPU
		{D7BEE300-44E8-4AEF-94B6-CD4B2D7211A5}.Debug|Any CPU.Build.0 = Debug|Any CPU
		{D7BEE300-44E8-4AEF-94B6-CD4B2D7211A5}.Release|Any CPU.ActiveCfg = Release|Any CPU
		{D7BEE300-44E8-4AEF-94B6-CD4B2D7211A5}.Release|Any CPU.Build.0 = Release|Any CPU
	EndGlobalSection
	GlobalSection(SolutionProperties) = preSolution
		HideSolutionNode = FALSE
	EndGlobalSection
	GlobalSection(ExtensibilityGlobals) = postSolution
		SolutionGuid = {B090DFB2-1367-4DA4-998F-010918041E1F}
	EndGlobalSection
EndGlobal
