
Microsoft Visual Studio Solution File, Format Version 12.00
# Visual Studio Version 17
VisualStudioVersion = 17.3.32929.385
MinimumVisualStudioVersion = 10.0.40219.1
Project("{9A19103F-16F7-4668-BE54-9A1E7A4F7556}") = "SOLID", "SOLID\SOLID.csproj", "{688EE922-0ACE-4D5A-95B1-124808B88ECB}"
EndProject
Project("{9A19103F-16F7-4668-BE54-9A1E7A4F7556}") = "P01.Stream_Progress", "P01.Stream_Progress\P01.Stream_Progress.csproj", "{EC88411D-FEB1-4BC7-9C95-C9B8D84A6B8D}"
EndProject
Global
	GlobalSection(SolutionConfigurationPlatforms) = preSolution
		Debug|Any CPU = Debug|Any CPU
		Release|Any CPU = Release|Any CPU
	EndGlobalSection
	GlobalSection(ProjectConfigurationPlatforms) = postSolution
		{688EE922-0ACE-4D5A-95B1-124808B88ECB}.Debug|Any CPU.ActiveCfg = Debug|Any CPU
		{688EE922-0ACE-4D5A-95B1-124808B88ECB}.Debug|Any CPU.Build.0 = Debug|Any CPU
		{688EE922-0ACE-4D5A-95B1-124808B88ECB}.Release|Any CPU.ActiveCfg = Release|Any CPU
		{688EE922-0ACE-4D5A-95B1-124808B88ECB}.Release|Any CPU.Build.0 = Release|Any CPU
		{EC88411D-FEB1-4BC7-9C95-C9B8D84A6B8D}.Debug|Any CPU.ActiveCfg = Debug|Any CPU
		{EC88411D-FEB1-4BC7-9C95-C9B8D84A6B8D}.Debug|Any CPU.Build.0 = Debug|Any CPU
		{EC88411D-FEB1-4BC7-9C95-C9B8D84A6B8D}.Release|Any CPU.ActiveCfg = Release|Any CPU
		{EC88411D-FEB1-4BC7-9C95-C9B8D84A6B8D}.Release|Any CPU.Build.0 = Release|Any CPU
	EndGlobalSection
	GlobalSection(SolutionProperties) = preSolution
		HideSolutionNode = FALSE
	EndGlobalSection
	GlobalSection(ExtensibilityGlobals) = postSolution
		SolutionGuid = {5A0F2E67-8623-4D20-A350-275FA9143151}
	EndGlobalSection
EndGlobal
