
Microsoft Visual Studio Solution File, Format Version 12.00
# Visual Studio Version 17
VisualStudioVersion = 17.3.32929.385
MinimumVisualStudioVersion = 10.0.40219.1
Project("{FAE04EC0-301F-11D3-BF4B-00C04F79EFBC}") = "SOLIDEx", "SOLIDEx\SOLIDEx.csproj", "{B5826023-A465-4559-BA49-EC4E3C141694}"
EndProject
Global
	GlobalSection(SolutionConfigurationPlatforms) = preSolution
		Debug|Any CPU = Debug|Any CPU
		Release|Any CPU = Release|Any CPU
	EndGlobalSection
	GlobalSection(ProjectConfigurationPlatforms) = postSolution
		{B5826023-A465-4559-BA49-EC4E3C141694}.Debug|Any CPU.ActiveCfg = Debug|Any CPU
		{B5826023-A465-4559-BA49-EC4E3C141694}.Debug|Any CPU.Build.0 = Debug|Any CPU
		{B5826023-A465-4559-BA49-EC4E3C141694}.Release|Any CPU.ActiveCfg = Release|Any CPU
		{B5826023-A465-4559-BA49-EC4E3C141694}.Release|Any CPU.Build.0 = Release|Any CPU
	EndGlobalSection
	GlobalSection(SolutionProperties) = preSolution
		HideSolutionNode = FALSE
	EndGlobalSection
	GlobalSection(ExtensibilityGlobals) = postSolution
		SolutionGuid = {3E018276-15ED-4FC2-9791-2552F45C6180}
	EndGlobalSection
EndGlobal
