
Microsoft Visual Studio Solution File, Format Version 12.00
# Visual Studio Version 17
VisualStudioVersion = 17.3.32929.385
MinimumVisualStudioVersion = 10.0.40219.1
Project("{FAE04EC0-301F-11D3-BF4B-00C04F79EFBC}") = "Mocking and Test Driven Development", "Mocking and Test Driven Development\Mocking and Test Driven Development.csproj", "{F117AD0B-4507-4F67-A1D8-D298E669C788}"
EndProject
Global
	GlobalSection(SolutionConfigurationPlatforms) = preSolution
		Debug|Any CPU = Debug|Any CPU
		Release|Any CPU = Release|Any CPU
	EndGlobalSection
	GlobalSection(ProjectConfigurationPlatforms) = postSolution
		{F117AD0B-4507-4F67-A1D8-D298E669C788}.Debug|Any CPU.ActiveCfg = Debug|Any CPU
		{F117AD0B-4507-4F67-A1D8-D298E669C788}.Debug|Any CPU.Build.0 = Debug|Any CPU
		{F117AD0B-4507-4F67-A1D8-D298E669C788}.Release|Any CPU.ActiveCfg = Release|Any CPU
		{F117AD0B-4507-4F67-A1D8-D298E669C788}.Release|Any CPU.Build.0 = Release|Any CPU
	EndGlobalSection
	GlobalSection(SolutionProperties) = preSolution
		HideSolutionNode = FALSE
	EndGlobalSection
	GlobalSection(ExtensibilityGlobals) = postSolution
		SolutionGuid = {BACF0A61-F7EC-40A6-9042-AB6AB8CA5CC9}
	EndGlobalSection
EndGlobal
