
Microsoft Visual Studio Solution File, Format Version 12.00
# Visual Studio Version 17
VisualStudioVersion = 17.4.33213.308
MinimumVisualStudioVersion = 10.0.40219.1
Project("{FAE04EC0-301F-11D3-BF4B-00C04F79EFBC}") = "ADO.NET", "ADO.NET\ADO.NET.csproj", "{B17B74F4-D64D-48F6-AD49-682434A41067}"
EndProject
Global
	GlobalSection(SolutionConfigurationPlatforms) = preSolution
		Debug|Any CPU = Debug|Any CPU
		Release|Any CPU = Release|Any CPU
	EndGlobalSection
	GlobalSection(ProjectConfigurationPlatforms) = postSolution
		{B17B74F4-D64D-48F6-AD49-682434A41067}.Debug|Any CPU.ActiveCfg = Debug|Any CPU
		{B17B74F4-D64D-48F6-AD49-682434A41067}.Debug|Any CPU.Build.0 = Debug|Any CPU
		{B17B74F4-D64D-48F6-AD49-682434A41067}.Release|Any CPU.ActiveCfg = Release|Any CPU
		{B17B74F4-D64D-48F6-AD49-682434A41067}.Release|Any CPU.Build.0 = Release|Any CPU
	EndGlobalSection
	GlobalSection(SolutionProperties) = preSolution
		HideSolutionNode = FALSE
	EndGlobalSection
	GlobalSection(ExtensibilityGlobals) = postSolution
		SolutionGuid = {0AB143C3-D7E4-4D3F-92B0-410406F8C031}
	EndGlobalSection
EndGlobal
