
Microsoft Visual Studio Solution File, Format Version 12.00
# Visual Studio Version 17
VisualStudioVersion = 17.3.32825.248
MinimumVisualStudioVersion = 10.0.40219.1
Project("{FAE04EC0-301F-11D3-BF4B-00C04F79EFBC}") = "CreateCustomDataStructures", "CreateCustomDataStructures\CreateCustomDataStructures.csproj", "{98220B63-60F4-4A7D-8F9B-07C0A97DE7B8}"
EndProject
Global
	GlobalSection(SolutionConfigurationPlatforms) = preSolution
		Debug|Any CPU = Debug|Any CPU
		Release|Any CPU = Release|Any CPU
	EndGlobalSection
	GlobalSection(ProjectConfigurationPlatforms) = postSolution
		{98220B63-60F4-4A7D-8F9B-07C0A97DE7B8}.Debug|Any CPU.ActiveCfg = Debug|Any CPU
		{98220B63-60F4-4A7D-8F9B-07C0A97DE7B8}.Debug|Any CPU.Build.0 = Debug|Any CPU
		{98220B63-60F4-4A7D-8F9B-07C0A97DE7B8}.Release|Any CPU.ActiveCfg = Release|Any CPU
		{98220B63-60F4-4A7D-8F9B-07C0A97DE7B8}.Release|Any CPU.Build.0 = Release|Any CPU
	EndGlobalSection
	GlobalSection(SolutionProperties) = preSolution
		HideSolutionNode = FALSE
	EndGlobalSection
	GlobalSection(ExtensibilityGlobals) = postSolution
		SolutionGuid = {EA39A249-3549-47AB-B5DC-FF72D651A299}
	EndGlobalSection
EndGlobal
